
Microsoft Visual Studio Solution File, Format Version 12.00
Project("{FAE04EC0-301F-11D3-BF4B-00C04F79EFBC}") = "TersApp", "TersApp\TersApp.csproj", "{75D0FCDE-0E30-4914-A1AA-C5A543B948BC}"
EndProject
Project("{2150E333-8FDC-42A3-9474-1A3956D46DE8}") = "Solution Items", "Solution Items", "{B68C47F9-A53A-445E-BAC4-FA75A113023E}"
	ProjectSection(SolutionItems) = preProject
		compose.yaml = compose.yaml
	EndProjectSection
EndProject
Global
	GlobalSection(SolutionConfigurationPlatforms) = preSolution
		Debug|Any CPU = Debug|Any CPU
		Release|Any CPU = Release|Any CPU
	EndGlobalSection
	GlobalSection(ProjectConfigurationPlatforms) = postSolution
		{75D0FCDE-0E30-4914-A1AA-C5A543B948BC}.Debug|Any CPU.ActiveCfg = Debug|Any CPU
		{75D0FCDE-0E30-4914-A1AA-C5A543B948BC}.Debug|Any CPU.Build.0 = Debug|Any CPU
		{75D0FCDE-0E30-4914-A1AA-C5A543B948BC}.Release|Any CPU.ActiveCfg = Release|Any CPU
		{75D0FCDE-0E30-4914-A1AA-C5A543B948BC}.Release|Any CPU.Build.0 = Release|Any CPU
	EndGlobalSection
EndGlobal
